
Microsoft Visual Studio Solution File, Format Version 12.00
# Visual Studio Version 17
VisualStudioVersion = 17.4.33122.133
MinimumVisualStudioVersion = 10.0.40219.1
Project("{9A19103F-16F7-4668-BE54-9A1E7A4F7556}") = "HoTDAM!", "HoTDAM\HoTDAM!.csproj", "{FDD6A721-D4A4-44AE-8F77-E88DB23DCF98}"
EndProject
Global
	GlobalSection(SolutionConfigurationPlatforms) = preSolution
		Debug|Any CPU = Debug|Any CPU
		Release|Any CPU = Release|Any CPU
	EndGlobalSection
	GlobalSection(ProjectConfigurationPlatforms) = postSolution
		{FDD6A721-D4A4-44AE-8F77-E88DB23DCF98}.Debug|Any CPU.ActiveCfg = Debug|Any CPU
		{FDD6A721-D4A4-44AE-8F77-E88DB23DCF98}.Debug|Any CPU.Build.0 = Debug|Any CPU
		{FDD6A721-D4A4-44AE-8F77-E88DB23DCF98}.Release|Any CPU.ActiveCfg = Release|Any CPU
		{FDD6A721-D4A4-44AE-8F77-E88DB23DCF98}.Release|Any CPU.Build.0 = Release|Any CPU
	EndGlobalSection
	GlobalSection(SolutionProperties) = preSolution
		HideSolutionNode = FALSE
	EndGlobalSection
	GlobalSection(ExtensibilityGlobals) = postSolution
		SolutionGuid = {57B9C97B-908E-4586-B8EF-30F28C317E54}
	EndGlobalSection
EndGlobal
